
Microsoft Visual Studio Solution File, Format Version 12.00
# Visual Studio Version 17
VisualStudioVersion = 17.10.35027.167
MinimumVisualStudioVersion = 10.0.40219.1
Project("{FAE04EC0-301F-11D3-BF4B-00C04F79EFBC}") = "BankingExercise", "BankingExercise.csproj", "{CA67EA55-A70F-4915-BF51-24795D8D36D1}"
EndProject
Project("{FAE04EC0-301F-11D3-BF4B-00C04F79EFBC}") = "BankingExercise.Tests", "..\BankingExercise.Tests\BankingExercise.Tests.csproj", "{FA396950-8678-4C7F-90AC-DBE0C3BF31AD}"
EndProject
Global
	GlobalSection(SolutionConfigurationPlatforms) = preSolution
		Debug|Any CPU = Debug|Any CPU
		Release|Any CPU = Release|Any CPU
	EndGlobalSection
	GlobalSection(ProjectConfigurationPlatforms) = postSolution
		{CA67EA55-A70F-4915-BF51-24795D8D36D1}.Debug|Any CPU.ActiveCfg = Debug|Any CPU
		{CA67EA55-A70F-4915-BF51-24795D8D36D1}.Debug|Any CPU.Build.0 = Debug|Any CPU
		{CA67EA55-A70F-4915-BF51-24795D8D36D1}.Release|Any CPU.ActiveCfg = Release|Any CPU
		{CA67EA55-A70F-4915-BF51-24795D8D36D1}.Release|Any CPU.Build.0 = Release|Any CPU
		{FA396950-8678-4C7F-90AC-DBE0C3BF31AD}.Debug|Any CPU.ActiveCfg = Debug|Any CPU
		{FA396950-8678-4C7F-90AC-DBE0C3BF31AD}.Debug|Any CPU.Build.0 = Debug|Any CPU
		{FA396950-8678-4C7F-90AC-DBE0C3BF31AD}.Release|Any CPU.ActiveCfg = Release|Any CPU
		{FA396950-8678-4C7F-90AC-DBE0C3BF31AD}.Release|Any CPU.Build.0 = Release|Any CPU
	EndGlobalSection
	GlobalSection(SolutionProperties) = preSolution
		HideSolutionNode = FALSE
	EndGlobalSection
	GlobalSection(ExtensibilityGlobals) = postSolution
		SolutionGuid = {F64DB904-DEB4-4A93-BD44-D5B25F303700}
	EndGlobalSection
EndGlobal
